
Microsoft Visual Studio Solution File, Format Version 12.00
# Visual Studio for Mac
Project("{FAE04EC0-301F-11D3-BF4B-00C04F79EFBC}") = "Escript", "Escript.csproj", "{E70969BE-60A0-ADE9-07EA-D6DCD1DB8294}"
EndProject
Project("{FAE04EC0-301F-11D3-BF4B-00C04F79EFBC}") = "Tests", "Tests.csproj", "{06FFAF72-E2CC-084D-06CF-38A2EB42EBAA}"
EndProject
Global
	GlobalSection(SolutionConfigurationPlatforms) = preSolution
		Debug|Any CPU = Debug|Any CPU
		Release|Any CPU = Release|Any CPU
	EndGlobalSection
	GlobalSection(ProjectConfigurationPlatforms) = postSolution
		{E70969BE-60A0-ADE9-07EA-D6DCD1DB8294}.Debug|Any CPU.ActiveCfg = Debug|Any CPU
		{E70969BE-60A0-ADE9-07EA-D6DCD1DB8294}.Debug|Any CPU.Build.0 = Debug|Any CPU
		{E70969BE-60A0-ADE9-07EA-D6DCD1DB8294}.Release|Any CPU.ActiveCfg = Release|Any CPU
		{E70969BE-60A0-ADE9-07EA-D6DCD1DB8294}.Release|Any CPU.Build.0 = Release|Any CPU
		{06FFAF72-E2CC-084D-06CF-38A2EB42EBAA}.Debug|Any CPU.ActiveCfg = Debug|Any CPU
		{06FFAF72-E2CC-084D-06CF-38A2EB42EBAA}.Debug|Any CPU.Build.0 = Debug|Any CPU
		{06FFAF72-E2CC-084D-06CF-38A2EB42EBAA}.Release|Any CPU.ActiveCfg = Release|Any CPU
		{06FFAF72-E2CC-084D-06CF-38A2EB42EBAA}.Release|Any CPU.Build.0 = Release|Any CPU
	EndGlobalSection
	GlobalSection(SolutionProperties) = preSolution
		HideSolutionNode = FALSE
	EndGlobalSection
EndGlobal
